
Microsoft Visual Studio Solution File, Format Version 12.00
# Visual Studio Version 16
VisualStudioVersion = 16.0.29102.190
MinimumVisualStudioVersion = 10.0.40219.1
Project("{8BC9CEB8-8B4A-11D0-8D11-00A0C91BC942}") = "HelloWorld", "HelloWorld\HelloWorld.vcxproj", "{53ED5A4B-6008-4A95-AF25-DF9710CEC5EC}"
EndProject
Project("{8BC9CEB8-8B4A-11D0-8D11-00A0C91BC942}") = "Classes", "Classes\Classes.vcxproj", "{12EBC1F5-5A68-48BF-8650-F618D4708B4D}"
EndProject
Global
	GlobalSection(SolutionConfigurationPlatforms) = preSolution
		Debug|x64 = Debug|x64
		Debug|x86 = Debug|x86
		Release|x64 = Release|x64
		Release|x86 = Release|x86
	EndGlobalSection
	GlobalSection(ProjectConfigurationPlatforms) = postSolution
		{53ED5A4B-6008-4A95-AF25-DF9710CEC5EC}.Debug|x64.ActiveCfg = Debug|x64
		{53ED5A4B-6008-4A95-AF25-DF9710CEC5EC}.Debug|x64.Build.0 = Debug|x64
		{53ED5A4B-6008-4A95-AF25-DF9710CEC5EC}.Debug|x86.ActiveCfg = Debug|Win32
		{53ED5A4B-6008-4A95-AF25-DF9710CEC5EC}.Debug|x86.Build.0 = Debug|Win32
		{53ED5A4B-6008-4A95-AF25-DF9710CEC5EC}.Release|x64.ActiveCfg = Release|x64
		{53ED5A4B-6008-4A95-AF25-DF9710CEC5EC}.Release|x64.Build.0 = Release|x64
		{53ED5A4B-6008-4A95-AF25-DF9710CEC5EC}.Release|x86.ActiveCfg = Release|Win32
		{53ED5A4B-6008-4A95-AF25-DF9710CEC5EC}.Release|x86.Build.0 = Release|Win32
		{12EBC1F5-5A68-48BF-8650-F618D4708B4D}.Debug|x64.ActiveCfg = Debug|x64
		{12EBC1F5-5A68-48BF-8650-F618D4708B4D}.Debug|x64.Build.0 = Debug|x64
		{12EBC1F5-5A68-48BF-8650-F618D4708B4D}.Debug|x86.ActiveCfg = Debug|Win32
		{12EBC1F5-5A68-48BF-8650-F618D4708B4D}.Debug|x86.Build.0 = Debug|Win32
		{12EBC1F5-5A68-48BF-8650-F618D4708B4D}.Release|x64.ActiveCfg = Release|x64
		{12EBC1F5-5A68-48BF-8650-F618D4708B4D}.Release|x64.Build.0 = Release|x64
		{12EBC1F5-5A68-48BF-8650-F618D4708B4D}.Release|x86.ActiveCfg = Release|Win32
		{12EBC1F5-5A68-48BF-8650-F618D4708B4D}.Release|x86.Build.0 = Release|Win32
	EndGlobalSection
	GlobalSection(SolutionProperties) = preSolution
		HideSolutionNode = FALSE
	EndGlobalSection
	GlobalSection(ExtensibilityGlobals) = postSolution
		SolutionGuid = {F3E483C0-8E90-482B-B59B-25B4ACCF243C}
	EndGlobalSection
EndGlobal
